
Microsoft Visual Studio Solution File, Format Version 12.00
# Visual Studio 14
VisualStudioVersion = 14.0.25123.0
MinimumVisualStudioVersion = 10.0.40219.1
Project("{FAE04EC0-301F-11D3-BF4B-00C04F79EFBC}") = "CustomMvvm", "Code\CustomMvvm\CustomMvvm.csproj", "{84D392E3-A0A8-486B-82FA-B86B3502A406}"
EndProject
Project("{2150E333-8FDC-42A3-9474-1A3956D46DE8}") = "Code", "Code", "{EC06F9D6-0E37-4285-90F5-6C1E13F00AB2}"
EndProject
Project("{2150E333-8FDC-42A3-9474-1A3956D46DE8}") = "Test", "Test", "{6977ED5C-38E4-43A2-919F-53C8F2ED3F3A}"
EndProject
Project("{FAE04EC0-301F-11D3-BF4B-00C04F79EFBC}") = "CustomMvvm.DependencyInjection", "Code\CustomMvvm.DependencyInjection\CustomMvvm.DependencyInjection.csproj", "{0D8C699D-DB88-455E-8D8B-DB2D16342CF3}"
EndProject
Project("{FAE04EC0-301F-11D3-BF4B-00C04F79EFBC}") = "CustomMvvm.Localization", "Code\CustomMvvm.Localization\CustomMvvm.Localization.csproj", "{E338C807-94A9-463F-99A1-FC6997F4B383}"
EndProject
Project("{FAE04EC0-301F-11D3-BF4B-00C04F79EFBC}") = "CustomMvvm.Utilities", "Code\CustomMvvm.Utilities\CustomMvvm.Utilities.csproj", "{E613B0A7-13DE-45C1-9981-F48283AABB4E}"
EndProject
Project("{FAE04EC0-301F-11D3-BF4B-00C04F79EFBC}") = "CustomMvvmTest", "Tests\CustomMvvmTest\CustomMvvmTest.csproj", "{96BFB3AD-54C7-4256-A309-A224A44502EE}"
EndProject
Project("{FAE04EC0-301F-11D3-BF4B-00C04F79EFBC}") = "CustomMvvmTest.Commands", "Tests\CustomMvvmTest.Commands\CustomMvvmTest.Commands.csproj", "{FAD6244A-760E-47C9-8EAF-D8FCD7A80D76}"
EndProject
Project("{FAE04EC0-301F-11D3-BF4B-00C04F79EFBC}") = "CustomMvvmTest.DependencyInjection", "Tests\CustomMvvmTest.DependencyInjection\CustomMvvmTest.DependencyInjection.csproj", "{24551092-E6F7-4252-B383-2385DEFB84C5}"
EndProject
Project("{FAE04EC0-301F-11D3-BF4B-00C04F79EFBC}") = "CustomMvvmTest.Localization", "Tests\CustomMvvmTest.Localization\CustomMvvmTest.Localization.csproj", "{4EB9E249-4938-4E62-9159-22C10C4D737E}"
EndProject
Project("{FAE04EC0-301F-11D3-BF4B-00C04F79EFBC}") = "CustomMvvmTest.Utilities", "Tests\CustomMvvmTest.Utilities\CustomMvvmTest.Utilities.csproj", "{F83334E3-2B6B-4A0E-8239-398995B230F7}"
EndProject
Global
	GlobalSection(SolutionConfigurationPlatforms) = preSolution
		Debug|Any CPU = Debug|Any CPU
		Debug|ARM = Debug|ARM
		Debug|x86 = Debug|x86
		Release|Any CPU = Release|Any CPU
		Release|ARM = Release|ARM
		Release|x86 = Release|x86
	EndGlobalSection
	GlobalSection(ProjectConfigurationPlatforms) = postSolution
		{84D392E3-A0A8-486B-82FA-B86B3502A406}.Debug|Any CPU.ActiveCfg = Debug|Any CPU
		{84D392E3-A0A8-486B-82FA-B86B3502A406}.Debug|Any CPU.Build.0 = Debug|Any CPU
		{84D392E3-A0A8-486B-82FA-B86B3502A406}.Debug|ARM.ActiveCfg = Debug|ARM
		{84D392E3-A0A8-486B-82FA-B86B3502A406}.Debug|ARM.Build.0 = Debug|ARM
		{84D392E3-A0A8-486B-82FA-B86B3502A406}.Debug|x86.ActiveCfg = Debug|x86
		{84D392E3-A0A8-486B-82FA-B86B3502A406}.Debug|x86.Build.0 = Debug|x86
		{84D392E3-A0A8-486B-82FA-B86B3502A406}.Release|Any CPU.ActiveCfg = Release|Any CPU
		{84D392E3-A0A8-486B-82FA-B86B3502A406}.Release|Any CPU.Build.0 = Release|Any CPU
		{84D392E3-A0A8-486B-82FA-B86B3502A406}.Release|ARM.ActiveCfg = Release|ARM
		{84D392E3-A0A8-486B-82FA-B86B3502A406}.Release|ARM.Build.0 = Release|ARM
		{84D392E3-A0A8-486B-82FA-B86B3502A406}.Release|x86.ActiveCfg = Release|x86
		{84D392E3-A0A8-486B-82FA-B86B3502A406}.Release|x86.Build.0 = Release|x86
		{0D8C699D-DB88-455E-8D8B-DB2D16342CF3}.Debug|Any CPU.ActiveCfg = Debug|Any CPU
		{0D8C699D-DB88-455E-8D8B-DB2D16342CF3}.Debug|Any CPU.Build.0 = Debug|Any CPU
		{0D8C699D-DB88-455E-8D8B-DB2D16342CF3}.Debug|ARM.ActiveCfg = Debug|Any CPU
		{0D8C699D-DB88-455E-8D8B-DB2D16342CF3}.Debug|ARM.Build.0 = Debug|Any CPU
		{0D8C699D-DB88-455E-8D8B-DB2D16342CF3}.Debug|x86.ActiveCfg = Debug|Any CPU
		{0D8C699D-DB88-455E-8D8B-DB2D16342CF3}.Debug|x86.Build.0 = Debug|Any CPU
		{0D8C699D-DB88-455E-8D8B-DB2D16342CF3}.Release|Any CPU.ActiveCfg = Release|Any CPU
		{0D8C699D-DB88-455E-8D8B-DB2D16342CF3}.Release|Any CPU.Build.0 = Release|Any CPU
		{0D8C699D-DB88-455E-8D8B-DB2D16342CF3}.Release|ARM.ActiveCfg = Release|Any CPU
		{0D8C699D-DB88-455E-8D8B-DB2D16342CF3}.Release|ARM.Build.0 = Release|Any CPU
		{0D8C699D-DB88-455E-8D8B-DB2D16342CF3}.Release|x86.ActiveCfg = Release|Any CPU
		{0D8C699D-DB88-455E-8D8B-DB2D16342CF3}.Release|x86.Build.0 = Release|Any CPU
		{E338C807-94A9-463F-99A1-FC6997F4B383}.Debug|Any CPU.ActiveCfg = Debug|Any CPU
		{E338C807-94A9-463F-99A1-FC6997F4B383}.Debug|Any CPU.Build.0 = Debug|Any CPU
		{E338C807-94A9-463F-99A1-FC6997F4B383}.Debug|ARM.ActiveCfg = Debug|Any CPU
		{E338C807-94A9-463F-99A1-FC6997F4B383}.Debug|ARM.Build.0 = Debug|Any CPU
		{E338C807-94A9-463F-99A1-FC6997F4B383}.Debug|x86.ActiveCfg = Debug|Any CPU
		{E338C807-94A9-463F-99A1-FC6997F4B383}.Debug|x86.Build.0 = Debug|Any CPU
		{E338C807-94A9-463F-99A1-FC6997F4B383}.Release|Any CPU.ActiveCfg = Release|Any CPU
		{E338C807-94A9-463F-99A1-FC6997F4B383}.Release|Any CPU.Build.0 = Release|Any CPU
		{E338C807-94A9-463F-99A1-FC6997F4B383}.Release|ARM.ActiveCfg = Release|Any CPU
		{E338C807-94A9-463F-99A1-FC6997F4B383}.Release|ARM.Build.0 = Release|Any CPU
		{E338C807-94A9-463F-99A1-FC6997F4B383}.Release|x86.ActiveCfg = Release|Any CPU
		{E338C807-94A9-463F-99A1-FC6997F4B383}.Release|x86.Build.0 = Release|Any CPU
		{E613B0A7-13DE-45C1-9981-F48283AABB4E}.Debug|Any CPU.ActiveCfg = Debug|Any CPU
		{E613B0A7-13DE-45C1-9981-F48283AABB4E}.Debug|Any CPU.Build.0 = Debug|Any CPU
		{E613B0A7-13DE-45C1-9981-F48283AABB4E}.Debug|ARM.ActiveCfg = Debug|Any CPU
		{E613B0A7-13DE-45C1-9981-F48283AABB4E}.Debug|ARM.Build.0 = Debug|Any CPU
		{E613B0A7-13DE-45C1-9981-F48283AABB4E}.Debug|x86.ActiveCfg = Debug|Any CPU
		{E613B0A7-13DE-45C1-9981-F48283AABB4E}.Debug|x86.Build.0 = Debug|Any CPU
		{E613B0A7-13DE-45C1-9981-F48283AABB4E}.Release|Any CPU.ActiveCfg = Release|Any CPU
		{E613B0A7-13DE-45C1-9981-F48283AABB4E}.Release|Any CPU.Build.0 = Release|Any CPU
		{E613B0A7-13DE-45C1-9981-F48283AABB4E}.Release|ARM.ActiveCfg = Release|Any CPU
		{E613B0A7-13DE-45C1-9981-F48283AABB4E}.Release|ARM.Build.0 = Release|Any CPU
		{E613B0A7-13DE-45C1-9981-F48283AABB4E}.Release|x86.ActiveCfg = Release|Any CPU
		{E613B0A7-13DE-45C1-9981-F48283AABB4E}.Release|x86.Build.0 = Release|Any CPU
		{96BFB3AD-54C7-4256-A309-A224A44502EE}.Debug|Any CPU.ActiveCfg = Debug|Any CPU
		{96BFB3AD-54C7-4256-A309-A224A44502EE}.Debug|Any CPU.Build.0 = Debug|Any CPU
		{96BFB3AD-54C7-4256-A309-A224A44502EE}.Debug|ARM.ActiveCfg = Debug|Any CPU
		{96BFB3AD-54C7-4256-A309-A224A44502EE}.Debug|ARM.Build.0 = Debug|Any CPU
		{96BFB3AD-54C7-4256-A309-A224A44502EE}.Debug|x86.ActiveCfg = Debug|Any CPU
		{96BFB3AD-54C7-4256-A309-A224A44502EE}.Debug|x86.Build.0 = Debug|Any CPU
		{96BFB3AD-54C7-4256-A309-A224A44502EE}.Release|Any CPU.ActiveCfg = Release|Any CPU
		{96BFB3AD-54C7-4256-A309-A224A44502EE}.Release|Any CPU.Build.0 = Release|Any CPU
		{96BFB3AD-54C7-4256-A309-A224A44502EE}.Release|ARM.ActiveCfg = Release|Any CPU
		{96BFB3AD-54C7-4256-A309-A224A44502EE}.Release|ARM.Build.0 = Release|Any CPU
		{96BFB3AD-54C7-4256-A309-A224A44502EE}.Release|x86.ActiveCfg = Release|Any CPU
		{96BFB3AD-54C7-4256-A309-A224A44502EE}.Release|x86.Build.0 = Release|Any CPU
		{FAD6244A-760E-47C9-8EAF-D8FCD7A80D76}.Debug|Any CPU.ActiveCfg = Debug|Any CPU
		{FAD6244A-760E-47C9-8EAF-D8FCD7A80D76}.Debug|Any CPU.Build.0 = Debug|Any CPU
		{FAD6244A-760E-47C9-8EAF-D8FCD7A80D76}.Debug|ARM.ActiveCfg = Debug|Any CPU
		{FAD6244A-760E-47C9-8EAF-D8FCD7A80D76}.Debug|ARM.Build.0 = Debug|Any CPU
		{FAD6244A-760E-47C9-8EAF-D8FCD7A80D76}.Debug|x86.ActiveCfg = Debug|Any CPU
		{FAD6244A-760E-47C9-8EAF-D8FCD7A80D76}.Debug|x86.Build.0 = Debug|Any CPU
		{FAD6244A-760E-47C9-8EAF-D8FCD7A80D76}.Release|Any CPU.ActiveCfg = Release|Any CPU
		{FAD6244A-760E-47C9-8EAF-D8FCD7A80D76}.Release|Any CPU.Build.0 = Release|Any CPU
		{FAD6244A-760E-47C9-8EAF-D8FCD7A80D76}.Release|ARM.ActiveCfg = Release|Any CPU
		{FAD6244A-760E-47C9-8EAF-D8FCD7A80D76}.Release|ARM.Build.0 = Release|Any CPU
		{FAD6244A-760E-47C9-8EAF-D8FCD7A80D76}.Release|x86.ActiveCfg = Release|Any CPU
		{FAD6244A-760E-47C9-8EAF-D8FCD7A80D76}.Release|x86.Build.0 = Release|Any CPU
		{24551092-E6F7-4252-B383-2385DEFB84C5}.Debug|Any CPU.ActiveCfg = Debug|Any CPU
		{24551092-E6F7-4252-B383-2385DEFB84C5}.Debug|Any CPU.Build.0 = Debug|Any CPU
		{24551092-E6F7-4252-B383-2385DEFB84C5}.Debug|ARM.ActiveCfg = Debug|Any CPU
		{24551092-E6F7-4252-B383-2385DEFB84C5}.Debug|ARM.Build.0 = Debug|Any CPU
		{24551092-E6F7-4252-B383-2385DEFB84C5}.Debug|x86.ActiveCfg = Debug|Any CPU
		{24551092-E6F7-4252-B383-2385DEFB84C5}.Debug|x86.Build.0 = Debug|Any CPU
		{24551092-E6F7-4252-B383-2385DEFB84C5}.Release|Any CPU.ActiveCfg = Release|Any CPU
		{24551092-E6F7-4252-B383-2385DEFB84C5}.Release|Any CPU.Build.0 = Release|Any CPU
		{24551092-E6F7-4252-B383-2385DEFB84C5}.Release|ARM.ActiveCfg = Release|Any CPU
		{24551092-E6F7-4252-B383-2385DEFB84C5}.Release|ARM.Build.0 = Release|Any CPU
		{24551092-E6F7-4252-B383-2385DEFB84C5}.Release|x86.ActiveCfg = Release|Any CPU
		{24551092-E6F7-4252-B383-2385DEFB84C5}.Release|x86.Build.0 = Release|Any CPU
		{4EB9E249-4938-4E62-9159-22C10C4D737E}.Debug|Any CPU.ActiveCfg = Debug|Any CPU
		{4EB9E249-4938-4E62-9159-22C10C4D737E}.Debug|Any CPU.Build.0 = Debug|Any CPU
		{4EB9E249-4938-4E62-9159-22C10C4D737E}.Debug|ARM.ActiveCfg = Debug|Any CPU
		{4EB9E249-4938-4E62-9159-22C10C4D737E}.Debug|ARM.Build.0 = Debug|Any CPU
		{4EB9E249-4938-4E62-9159-22C10C4D737E}.Debug|x86.ActiveCfg = Debug|Any CPU
		{4EB9E249-4938-4E62-9159-22C10C4D737E}.Debug|x86.Build.0 = Debug|Any CPU
		{4EB9E249-4938-4E62-9159-22C10C4D737E}.Release|Any CPU.ActiveCfg = Release|Any CPU
		{4EB9E249-4938-4E62-9159-22C10C4D737E}.Release|Any CPU.Build.0 = Release|Any CPU
		{4EB9E249-4938-4E62-9159-22C10C4D737E}.Release|ARM.ActiveCfg = Release|Any CPU
		{4EB9E249-4938-4E62-9159-22C10C4D737E}.Release|ARM.Build.0 = Release|Any CPU
		{4EB9E249-4938-4E62-9159-22C10C4D737E}.Release|x86.ActiveCfg = Release|Any CPU
		{4EB9E249-4938-4E62-9159-22C10C4D737E}.Release|x86.Build.0 = Release|Any CPU
		{F83334E3-2B6B-4A0E-8239-398995B230F7}.Debug|Any CPU.ActiveCfg = Debug|Any CPU
		{F83334E3-2B6B-4A0E-8239-398995B230F7}.Debug|Any CPU.Build.0 = Debug|Any CPU
		{F83334E3-2B6B-4A0E-8239-398995B230F7}.Debug|ARM.ActiveCfg = Debug|Any CPU
		{F83334E3-2B6B-4A0E-8239-398995B230F7}.Debug|ARM.Build.0 = Debug|Any CPU
		{F83334E3-2B6B-4A0E-8239-398995B230F7}.Debug|x86.ActiveCfg = Debug|Any CPU
		{F83334E3-2B6B-4A0E-8239-398995B230F7}.Debug|x86.Build.0 = Debug|Any CPU
		{F83334E3-2B6B-4A0E-8239-398995B230F7}.Release|Any CPU.ActiveCfg = Release|Any CPU
		{F83334E3-2B6B-4A0E-8239-398995B230F7}.Release|Any CPU.Build.0 = Release|Any CPU
		{F83334E3-2B6B-4A0E-8239-398995B230F7}.Release|ARM.ActiveCfg = Release|Any CPU
		{F83334E3-2B6B-4A0E-8239-398995B230F7}.Release|ARM.Build.0 = Release|Any CPU
		{F83334E3-2B6B-4A0E-8239-398995B230F7}.Release|x86.ActiveCfg = Release|Any CPU
		{F83334E3-2B6B-4A0E-8239-398995B230F7}.Release|x86.Build.0 = Release|Any CPU
	EndGlobalSection
	GlobalSection(SolutionProperties) = preSolution
		HideSolutionNode = FALSE
	EndGlobalSection
	GlobalSection(NestedProjects) = preSolution
		{84D392E3-A0A8-486B-82FA-B86B3502A406} = {EC06F9D6-0E37-4285-90F5-6C1E13F00AB2}
		{0D8C699D-DB88-455E-8D8B-DB2D16342CF3} = {EC06F9D6-0E37-4285-90F5-6C1E13F00AB2}
		{E338C807-94A9-463F-99A1-FC6997F4B383} = {EC06F9D6-0E37-4285-90F5-6C1E13F00AB2}
		{E613B0A7-13DE-45C1-9981-F48283AABB4E} = {EC06F9D6-0E37-4285-90F5-6C1E13F00AB2}
		{96BFB3AD-54C7-4256-A309-A224A44502EE} = {6977ED5C-38E4-43A2-919F-53C8F2ED3F3A}
		{FAD6244A-760E-47C9-8EAF-D8FCD7A80D76} = {6977ED5C-38E4-43A2-919F-53C8F2ED3F3A}
		{24551092-E6F7-4252-B383-2385DEFB84C5} = {6977ED5C-38E4-43A2-919F-53C8F2ED3F3A}
		{4EB9E249-4938-4E62-9159-22C10C4D737E} = {6977ED5C-38E4-43A2-919F-53C8F2ED3F3A}
		{F83334E3-2B6B-4A0E-8239-398995B230F7} = {6977ED5C-38E4-43A2-919F-53C8F2ED3F3A}
	EndGlobalSection
EndGlobal
